{
  "version": 4,
  "terraform_version": "0.15.4",
  "serial": 186,
  "lineage": "3d9c075c-cbe6-218f-c3e7-305e9abce301",
  "outputs": {},
  "resources": [
    {
      "mode": "managed",
      "type": "aws_ecs_cluster",
      "name": "main",
      "provider": "provider[\"registry.terraform.io/hashicorp/aws\"]",
      "instances": [
        {
          "schema_version": 0,
          "attributes": {
            "arn": "arn:aws:ecs:us-east-2:151743893450:cluster/kongFargateDev-cluster-dev",
            "capacity_providers": [
              "FARGATE",
              "FARGATE_SPOT"
            ],
            "default_capacity_provider_strategy": [
              {
                "base": 0,
                "capacity_provider": "FARGATE_SPOT",
                "weight": 0
              }
            ],
            "id": "arn:aws:ecs:us-east-2:151743893450:cluster/kongFargateDev-cluster-dev",
            "name": "kongFargateDev-cluster-dev",
            "setting": [
              {
                "name": "containerInsights",
                "value": "disabled"
              }
            ],
            "tags": {
              "Name": "kongFargateDev",
              "environment": "dev",
              "ownerName": "usrbinkat"
            },
            "tags_all": {
              "Name": "kongFargateDev",
              "environment": "dev",
              "ownerName": "usrbinkat"
            }
          },
          "sensitive_attributes": [],
          "private": "bnVsbA=="
        }
      ]
    },
    {
      "mode": "managed",
      "type": "aws_ecs_task_definition",
      "name": "main",
      "provider": "provider[\"registry.terraform.io/hashicorp/aws\"]",
      "instances": [
        {
          "schema_version": 1,
          "attributes": {
            "arn": "arn:aws:ecs:us-east-2:151743893450:task-definition/kong:2",
            "container_definitions": "[{\"command\":[\"kong\",\"docker-start\"],\"cpu\":0,\"entryPoint\":[\"/docker-entrypoint.sh\"],\"environment\":[{\"name\":\" KONG_NGINX_DAEMON\",\"value\":\"off\"},{\"name\":\" KONG_STREAM_LISTEN\",\"value\":\"off\"},{\"name\":\"KONG_ADMIN_ACCESS_LOG\",\"value\":\"/dev/stdout\"},{\"name\":\"KONG_ADMIN_ERROR_LOG\",\"value\":\"/dev/stderr\"},{\"name\":\"KONG_ADMIN_GUI_ACCESS_LOG\",\"value\":\"/dev/stdout\"},{\"name\":\"KONG_ADMIN_GUI_ERROR_LOG\",\"value\":\"/dev/stderr\"},{\"name\":\"KONG_ADMIN_LISTEN\",\"value\":\"127.0.0.1:8444 http2 ssl\"},{\"name\":\"KONG_CLUSTER_LISTEN\",\"value\":\"off\"},{\"name\":\"KONG_LUA_PACKAGE_PATH\",\"value\":\"/opt/?.lua;/opt/?/init.lua;;\"},{\"name\":\"KONG_NGINX_WORKER_PROCESSES\",\"value\":\"2\"},{\"name\":\"KONG_PLUGINS\",\"value\":\"bundled\"},{\"name\":\"KONG_PORTAL_API_ACCESS_LOG\",\"value\":\"/dev/stdout\"},{\"name\":\"KONG_PORTAL_API_ERROR_LOG\",\"value\":\"/dev/stderr\"},{\"name\":\"KONG_PORT_MAPS\",\"value\":\"80:8000, 443:8443\"},{\"name\":\"KONG_PROXY_ACCESS_LOG\",\"value\":\"/dev/stdout\"},{\"name\":\"KONG_PROXY_ERROR_LOG\",\"value\":\"/dev/stderr\"},{\"name\":\"KONG_PROXY_LISTEN\",\"value\":\"0.0.0.0:8000, 0.0.0.0:8443 http2 ssl\"},{\"name\":\"KONG_STATUS_LISTEN\",\"value\":\"0.0.0.0:8100\"}],\"essential\":true,\"healthCheck\":{\"command\":[\"CMD-SHELL\",\"/usr/local/bin/kong health\"],\"interval\":10,\"retries\":3,\"startPeriod\":5,\"timeout\":5},\"image\":\"kong/kong-gateway:2.3.3.2-alpine\",\"logConfiguration\":{\"logDriver\":\"awslogs\",\"options\":{\"awslogs-group\":\"awslogs-kong-fargate\",\"awslogs-region\":\"us-east-2\",\"awslogs-stream-prefix\":\"awslogs-fargate\"}},\"mountPoints\":[],\"name\":\"kong-proxy\",\"portMappings\":[{\"containerPort\":80,\"hostPort\":80,\"protocol\":\"tcp\"},{\"containerPort\":443,\"hostPort\":443,\"protocol\":\"tcp\"},{\"containerPort\":8000,\"hostPort\":8000,\"protocol\":\"tcp\"},{\"containerPort\":8003,\"hostPort\":8003,\"protocol\":\"tcp\"},{\"containerPort\":8004,\"hostPort\":8004,\"protocol\":\"tcp\"},{\"containerPort\":8100,\"hostPort\":8100,\"protocol\":\"tcp\"},{\"containerPort\":8443,\"hostPort\":8443,\"protocol\":\"tcp\"},{\"containerPort\":8444,\"hostPort\":8444,\"protocol\":\"tcp\"},{\"containerPort\":8445,\"hostPort\":8445,\"protocol\":\"tcp\"},{\"containerPort\":8446,\"hostPort\":8446,\"protocol\":\"tcp\"},{\"containerPort\":8447,\"hostPort\":8447,\"protocol\":\"tcp\"},{\"containerPort\":10254,\"hostPort\":10254,\"protocol\":\"tcp\"}],\"volumesFrom\":[]}]",
            "cpu": "256",
            "execution_role_arn": "arn:aws:iam::151743893450:role/kongFargateDev-ecsTaskExecutionRole",
            "family": "kong",
            "id": "kong",
            "inference_accelerator": [],
            "ipc_mode": "",
            "memory": "512",
            "network_mode": "awsvpc",
            "pid_mode": "",
            "placement_constraints": [],
            "proxy_configuration": [],
            "requires_compatibilities": [
              "FARGATE"
            ],
            "revision": 2,
            "tags": {
              "Name": "kong-proxy"
            },
            "tags_all": {
              "Name": "kong-proxy"
            },
            "task_role_arn": "",
            "volume": []
          },
          "sensitive_attributes": [],
          "private": "eyJzY2hlbWFfdmVyc2lvbiI6IjEifQ==",
          "dependencies": [
            "aws_iam_role.ecs_task_execution_role"
          ]
        }
      ]
    },
    {
      "mode": "managed",
      "type": "aws_eip",
      "name": "nat",
      "provider": "provider[\"registry.terraform.io/hashicorp/aws\"]",
      "instances": [
        {
          "index_key": 0,
          "schema_version": 0,
          "attributes": {
            "address": null,
            "allocation_id": null,
            "associate_with_private_ip": null,
            "association_id": "eipassoc-0a5f40c0ffea3481c",
            "carrier_ip": "",
            "customer_owned_ip": "",
            "customer_owned_ipv4_pool": "",
            "domain": "vpc",
            "id": "eipalloc-0b2ce684ccc3150e9",
            "instance": "",
            "network_border_group": "us-east-2",
            "network_interface": "eni-02a01628a48e60359",
            "private_dns": "ip-192-19-1-42.us-east-2.compute.internal",
            "private_ip": "192.19.1.42",
            "public_dns": "ec2-18-219-231-245.us-east-2.compute.amazonaws.com",
            "public_ip": "18.219.231.245",
            "public_ipv4_pool": "amazon",
            "tags": {},
            "tags_all": {},
            "timeouts": null,
            "vpc": true
          },
          "sensitive_attributes": [],
          "private": "eyJlMmJmYjczMC1lY2FhLTExZTYtOGY4OC0zNDM2M2JjN2M0YzAiOnsiZGVsZXRlIjoxODAwMDAwMDAwMDAsInJlYWQiOjkwMDAwMDAwMDAwMCwidXBkYXRlIjozMDAwMDAwMDAwMDB9fQ=="
        },
        {
          "index_key": 1,
          "schema_version": 0,
          "attributes": {
            "address": null,
            "allocation_id": null,
            "associate_with_private_ip": null,
            "association_id": "eipassoc-0a5034074e47cbdb0",
            "carrier_ip": "",
            "customer_owned_ip": "",
            "customer_owned_ipv4_pool": "",
            "domain": "vpc",
            "id": "eipalloc-0623cf40c0ade158d",
            "instance": "",
            "network_border_group": "us-east-2",
            "network_interface": "eni-08cee3333f0acf30a",
            "private_dns": "ip-192-19-2-101.us-east-2.compute.internal",
            "private_ip": "192.19.2.101",
            "public_dns": "ec2-18-117-53-248.us-east-2.compute.amazonaws.com",
            "public_ip": "18.117.53.248",
            "public_ipv4_pool": "amazon",
            "tags": {},
            "tags_all": {},
            "timeouts": null,
            "vpc": true
          },
          "sensitive_attributes": [],
          "private": "eyJlMmJmYjczMC1lY2FhLTExZTYtOGY4OC0zNDM2M2JjN2M0YzAiOnsiZGVsZXRlIjoxODAwMDAwMDAwMDAsInJlYWQiOjkwMDAwMDAwMDAwMCwidXBkYXRlIjozMDAwMDAwMDAwMDB9fQ=="
        },
        {
          "index_key": 2,
          "schema_version": 0,
          "attributes": {
            "address": null,
            "allocation_id": null,
            "associate_with_private_ip": null,
            "association_id": "eipassoc-09932d45fea53e37a",
            "carrier_ip": "",
            "customer_owned_ip": "",
            "customer_owned_ipv4_pool": "",
            "domain": "vpc",
            "id": "eipalloc-0d067169f9c4faf0e",
            "instance": "",
            "network_border_group": "us-east-2",
            "network_interface": "eni-0b72bce52cf42c1e5",
            "private_dns": "ip-192-19-3-62.us-east-2.compute.internal",
            "private_ip": "192.19.3.62",
            "public_dns": "ec2-3-130-104-33.us-east-2.compute.amazonaws.com",
            "public_ip": "3.130.104.33",
            "public_ipv4_pool": "amazon",
            "tags": {},
            "tags_all": {},
            "timeouts": null,
            "vpc": true
          },
          "sensitive_attributes": [],
          "private": "eyJlMmJmYjczMC1lY2FhLTExZTYtOGY4OC0zNDM2M2JjN2M0YzAiOnsiZGVsZXRlIjoxODAwMDAwMDAwMDAsInJlYWQiOjkwMDAwMDAwMDAwMCwidXBkYXRlIjozMDAwMDAwMDAwMDB9fQ=="
        }
      ]
    },
    {
      "mode": "managed",
      "type": "aws_iam_role",
      "name": "ecs_task_execution_role",
      "provider": "provider[\"registry.terraform.io/hashicorp/aws\"]",
      "instances": [
        {
          "schema_version": 0,
          "attributes": {
            "arn": "arn:aws:iam::151743893450:role/kongFargateDev-ecsTaskExecutionRole",
            "assume_role_policy": "{\"Version\":\"2012-10-17\",\"Statement\":[{\"Sid\":\"\",\"Effect\":\"Allow\",\"Principal\":{\"Service\":\"ecs-tasks.amazonaws.com\"},\"Action\":\"sts:AssumeRole\"}]}",
            "create_date": "2021-05-20T22:01:18Z",
            "description": "",
            "force_detach_policies": false,
            "id": "kongFargateDev-ecsTaskExecutionRole",
            "inline_policy": [
              {
                "name": "",
                "policy": ""
              }
            ],
            "managed_policy_arns": [
              "arn:aws:iam::aws:policy/service-role/AmazonECSTaskExecutionRolePolicy"
            ],
            "max_session_duration": 3600,
            "name": "kongFargateDev-ecsTaskExecutionRole",
            "name_prefix": null,
            "path": "/",
            "permissions_boundary": null,
            "tags": {},
            "tags_all": {},
            "unique_id": "AROASGVFEB7FPMVWSIRHF"
          },
          "sensitive_attributes": [],
          "private": "bnVsbA=="
        }
      ]
    },
    {
      "mode": "managed",
      "type": "aws_iam_role_policy_attachment",
      "name": "ecs-task-execution-role-policy-attachment",
      "provider": "provider[\"registry.terraform.io/hashicorp/aws\"]",
      "instances": [
        {
          "schema_version": 0,
          "attributes": {
            "id": "kongFargateDev-ecsTaskExecutionRole-20210520220120886900000001",
            "policy_arn": "arn:aws:iam::aws:policy/service-role/AmazonECSTaskExecutionRolePolicy",
            "role": "kongFargateDev-ecsTaskExecutionRole"
          },
          "sensitive_attributes": [],
          "private": "bnVsbA==",
          "dependencies": [
            "aws_iam_role.ecs_task_execution_role"
          ]
        }
      ]
    },
    {
      "mode": "managed",
      "type": "aws_internet_gateway",
      "name": "main",
      "provider": "provider[\"registry.terraform.io/hashicorp/aws\"]",
      "instances": [
        {
          "schema_version": 0,
          "attributes": {
            "arn": "arn:aws:ec2:us-east-2:151743893450:internet-gateway/igw-04cbb836f3b7d6646",
            "id": "igw-04cbb836f3b7d6646",
            "owner_id": "151743893450",
            "tags": {
              "Name": "kongFargateDev",
              "environment": "dev",
              "ownerName": "usrbinkat"
            },
            "tags_all": {
              "Name": "kongFargateDev",
              "environment": "dev",
              "ownerName": "usrbinkat"
            },
            "vpc_id": "vpc-00e8d94b3515b8173"
          },
          "sensitive_attributes": [],
          "private": "bnVsbA==",
          "dependencies": [
            "aws_vpc.main"
          ]
        }
      ]
    },
    {
      "mode": "managed",
      "type": "aws_lb",
      "name": "main",
      "provider": "provider[\"registry.terraform.io/hashicorp/aws\"]",
      "instances": [
        {
          "schema_version": 0,
          "attributes": {
            "access_logs": [
              {
                "bucket": "",
                "enabled": false,
                "prefix": ""
              }
            ],
            "arn": "arn:aws:elasticloadbalancing:us-east-2:151743893450:loadbalancer/net/kongFargateDev-lb-dev/962c1dadd6bb5612",
            "arn_suffix": "net/kongFargateDev-lb-dev/962c1dadd6bb5612",
            "customer_owned_ipv4_pool": "",
            "dns_name": "kongFargateDev-lb-dev-962c1dadd6bb5612.elb.us-east-2.amazonaws.com",
            "drop_invalid_header_fields": null,
            "enable_cross_zone_load_balancing": false,
            "enable_deletion_protection": false,
            "enable_http2": null,
            "id": "arn:aws:elasticloadbalancing:us-east-2:151743893450:loadbalancer/net/kongFargateDev-lb-dev/962c1dadd6bb5612",
            "idle_timeout": null,
            "internal": false,
            "ip_address_type": "ipv4",
            "load_balancer_type": "network",
            "name": "kongFargateDev-lb-dev",
            "name_prefix": null,
            "security_groups": [],
            "subnet_mapping": [
              {
                "allocation_id": "",
                "ipv6_address": "",
                "outpost_id": "",
                "private_ipv4_address": "",
                "subnet_id": "subnet-031d5e76cd6b5ebd9"
              },
              {
                "allocation_id": "",
                "ipv6_address": "",
                "outpost_id": "",
                "private_ipv4_address": "",
                "subnet_id": "subnet-069d57490c4381b68"
              },
              {
                "allocation_id": "",
                "ipv6_address": "",
                "outpost_id": "",
                "private_ipv4_address": "",
                "subnet_id": "subnet-0d87f3dd9a45d6d7d"
              }
            ],
            "subnets": [
              "subnet-031d5e76cd6b5ebd9",
              "subnet-069d57490c4381b68",
              "subnet-0d87f3dd9a45d6d7d"
            ],
            "tags": {
              "Name": "kongFargateDev",
              "environment": "dev",
              "ownerName": "usrbinkat"
            },
            "tags_all": {
              "Name": "kongFargateDev",
              "environment": "dev",
              "ownerName": "usrbinkat"
            },
            "timeouts": null,
            "vpc_id": "vpc-00e8d94b3515b8173",
            "zone_id": "ZLMOA37VPKANP"
          },
          "sensitive_attributes": [],
          "private": "eyJlMmJmYjczMC1lY2FhLTExZTYtOGY4OC0zNDM2M2JjN2M0YzAiOnsiY3JlYXRlIjo2MDAwMDAwMDAwMDAsImRlbGV0ZSI6NjAwMDAwMDAwMDAwLCJ1cGRhdGUiOjYwMDAwMDAwMDAwMH19",
          "dependencies": [
            "aws_subnet.public"
          ]
        }
      ]
    },
    {
      "mode": "managed",
      "type": "aws_lb_target_group",
      "name": "kong",
      "provider": "provider[\"registry.terraform.io/hashicorp/aws\"]",
      "instances": [
        {
          "schema_version": 0,
          "attributes": {
            "arn": "arn:aws:elasticloadbalancing:us-east-2:151743893450:targetgroup/kongFargateDev-tg-dev/54aa1f27ce7471f3",
            "arn_suffix": "targetgroup/kongFargateDev-tg-dev/54aa1f27ce7471f3",
            "deregistration_delay": 300,
            "health_check": [
              {
                "enabled": true,
                "healthy_threshold": 3,
                "interval": 30,
                "matcher": "",
                "path": "",
                "port": "traffic-port",
                "protocol": "TCP",
                "timeout": 10,
                "unhealthy_threshold": 3
              }
            ],
            "id": "arn:aws:elasticloadbalancing:us-east-2:151743893450:targetgroup/kongFargateDev-tg-dev/54aa1f27ce7471f3",
            "lambda_multi_value_headers_enabled": false,
            "load_balancing_algorithm_type": null,
            "name": "kongFargateDev-tg-dev",
            "name_prefix": null,
            "port": 8443,
            "preserve_client_ip": "false",
            "protocol": "TCP",
            "protocol_version": null,
            "proxy_protocol_v2": false,
            "slow_start": 0,
            "stickiness": [
              {
                "cookie_duration": 0,
                "enabled": false,
                "type": "source_ip"
              }
            ],
            "tags": {
              "Name": "kongFargateDev",
              "environment": "dev",
              "ownerName": "usrbinkat"
            },
            "tags_all": {
              "Name": "kongFargateDev",
              "environment": "dev",
              "ownerName": "usrbinkat"
            },
            "target_type": "ip",
            "vpc_id": "vpc-00e8d94b3515b8173"
          },
          "sensitive_attributes": [],
          "private": "bnVsbA==",
          "dependencies": [
            "aws_vpc.main"
          ]
        }
      ]
    },
    {
      "mode": "managed",
      "type": "aws_nat_gateway",
      "name": "main",
      "provider": "provider[\"registry.terraform.io/hashicorp/aws\"]",
      "instances": [
        {
          "index_key": 0,
          "schema_version": 0,
          "attributes": {
            "allocation_id": "eipalloc-0b2ce684ccc3150e9",
            "id": "nat-0776cd4329e691b32",
            "network_interface_id": "eni-02a01628a48e60359",
            "private_ip": "192.19.1.42",
            "public_ip": "18.219.231.245",
            "subnet_id": "subnet-0d87f3dd9a45d6d7d",
            "tags": {},
            "tags_all": {}
          },
          "sensitive_attributes": [],
          "private": "bnVsbA==",
          "dependencies": [
            "aws_eip.nat",
            "aws_internet_gateway.main",
            "aws_subnet.public",
            "aws_vpc.main"
          ]
        },
        {
          "index_key": 1,
          "schema_version": 0,
          "attributes": {
            "allocation_id": "eipalloc-0623cf40c0ade158d",
            "id": "nat-0b20dbefba03fa94c",
            "network_interface_id": "eni-08cee3333f0acf30a",
            "private_ip": "192.19.2.101",
            "public_ip": "18.117.53.248",
            "subnet_id": "subnet-031d5e76cd6b5ebd9",
            "tags": {},
            "tags_all": {}
          },
          "sensitive_attributes": [],
          "private": "bnVsbA==",
          "dependencies": [
            "aws_eip.nat",
            "aws_internet_gateway.main",
            "aws_subnet.public",
            "aws_vpc.main"
          ]
        },
        {
          "index_key": 2,
          "schema_version": 0,
          "attributes": {
            "allocation_id": "eipalloc-0d067169f9c4faf0e",
            "id": "nat-0e05aeb65da5b0755",
            "network_interface_id": "eni-0b72bce52cf42c1e5",
            "private_ip": "192.19.3.62",
            "public_ip": "3.130.104.33",
            "subnet_id": "subnet-069d57490c4381b68",
            "tags": {},
            "tags_all": {}
          },
          "sensitive_attributes": [],
          "private": "bnVsbA==",
          "dependencies": [
            "aws_internet_gateway.main",
            "aws_subnet.public",
            "aws_vpc.main",
            "aws_eip.nat"
          ]
        }
      ]
    },
    {
      "mode": "managed",
      "type": "aws_route",
      "name": "private",
      "provider": "provider[\"registry.terraform.io/hashicorp/aws\"]",
      "instances": [
        {
          "index_key": 0,
          "schema_version": 0,
          "attributes": {
            "carrier_gateway_id": "",
            "destination_cidr_block": "0.0.0.0/0",
            "destination_ipv6_cidr_block": "",
            "destination_prefix_list_id": "",
            "egress_only_gateway_id": "",
            "gateway_id": "",
            "id": "r-rtb-0b0aa9df1f4a3c4e71080289494",
            "instance_id": "",
            "instance_owner_id": "",
            "local_gateway_id": "",
            "nat_gateway_id": "nat-0776cd4329e691b32",
            "network_interface_id": "",
            "origin": "CreateRoute",
            "route_table_id": "rtb-0b0aa9df1f4a3c4e7",
            "state": "active",
            "timeouts": null,
            "transit_gateway_id": "",
            "vpc_endpoint_id": "",
            "vpc_peering_connection_id": ""
          },
          "sensitive_attributes": [],
          "private": "eyJlMmJmYjczMC1lY2FhLTExZTYtOGY4OC0zNDM2M2JjN2M0YzAiOnsiY3JlYXRlIjoxMjAwMDAwMDAwMDAsImRlbGV0ZSI6MzAwMDAwMDAwMDAwfX0=",
          "dependencies": [
            "aws_eip.nat",
            "aws_internet_gateway.main",
            "aws_nat_gateway.main",
            "aws_route_table.private",
            "aws_subnet.public",
            "aws_vpc.main"
          ]
        },
        {
          "index_key": 1,
          "schema_version": 0,
          "attributes": {
            "carrier_gateway_id": "",
            "destination_cidr_block": "0.0.0.0/0",
            "destination_ipv6_cidr_block": "",
            "destination_prefix_list_id": "",
            "egress_only_gateway_id": "",
            "gateway_id": "",
            "id": "r-rtb-0bdbd1656c9f95a261080289494",
            "instance_id": "",
            "instance_owner_id": "",
            "local_gateway_id": "",
            "nat_gateway_id": "nat-0b20dbefba03fa94c",
            "network_interface_id": "",
            "origin": "CreateRoute",
            "route_table_id": "rtb-0bdbd1656c9f95a26",
            "state": "active",
            "timeouts": null,
            "transit_gateway_id": "",
            "vpc_endpoint_id": "",
            "vpc_peering_connection_id": ""
          },
          "sensitive_attributes": [],
          "private": "eyJlMmJmYjczMC1lY2FhLTExZTYtOGY4OC0zNDM2M2JjN2M0YzAiOnsiY3JlYXRlIjoxMjAwMDAwMDAwMDAsImRlbGV0ZSI6MzAwMDAwMDAwMDAwfX0=",
          "dependencies": [
            "aws_nat_gateway.main",
            "aws_route_table.private",
            "aws_subnet.public",
            "aws_vpc.main",
            "aws_eip.nat",
            "aws_internet_gateway.main"
          ]
        },
        {
          "index_key": 2,
          "schema_version": 0,
          "attributes": {
            "carrier_gateway_id": "",
            "destination_cidr_block": "0.0.0.0/0",
            "destination_ipv6_cidr_block": "",
            "destination_prefix_list_id": "",
            "egress_only_gateway_id": "",
            "gateway_id": "",
            "id": "r-rtb-0cc322613f79195191080289494",
            "instance_id": "",
            "instance_owner_id": "",
            "local_gateway_id": "",
            "nat_gateway_id": "nat-0e05aeb65da5b0755",
            "network_interface_id": "",
            "origin": "CreateRoute",
            "route_table_id": "rtb-0cc322613f7919519",
            "state": "active",
            "timeouts": null,
            "transit_gateway_id": "",
            "vpc_endpoint_id": "",
            "vpc_peering_connection_id": ""
          },
          "sensitive_attributes": [],
          "private": "eyJlMmJmYjczMC1lY2FhLTExZTYtOGY4OC0zNDM2M2JjN2M0YzAiOnsiY3JlYXRlIjoxMjAwMDAwMDAwMDAsImRlbGV0ZSI6MzAwMDAwMDAwMDAwfX0=",
          "dependencies": [
            "aws_eip.nat",
            "aws_internet_gateway.main",
            "aws_nat_gateway.main",
            "aws_route_table.private",
            "aws_subnet.public",
            "aws_vpc.main"
          ]
        }
      ]
    },
    {
      "mode": "managed",
      "type": "aws_route",
      "name": "public",
      "provider": "provider[\"registry.terraform.io/hashicorp/aws\"]",
      "instances": [
        {
          "schema_version": 0,
          "attributes": {
            "carrier_gateway_id": "",
            "destination_cidr_block": "0.0.0.0/0",
            "destination_ipv6_cidr_block": "",
            "destination_prefix_list_id": "",
            "egress_only_gateway_id": "",
            "gateway_id": "igw-04cbb836f3b7d6646",
            "id": "r-rtb-09136a26c7a4d868a1080289494",
            "instance_id": "",
            "instance_owner_id": "",
            "local_gateway_id": "",
            "nat_gateway_id": "",
            "network_interface_id": "",
            "origin": "CreateRoute",
            "route_table_id": "rtb-09136a26c7a4d868a",
            "state": "active",
            "timeouts": null,
            "transit_gateway_id": "",
            "vpc_endpoint_id": "",
            "vpc_peering_connection_id": ""
          },
          "sensitive_attributes": [],
          "private": "eyJlMmJmYjczMC1lY2FhLTExZTYtOGY4OC0zNDM2M2JjN2M0YzAiOnsiY3JlYXRlIjoxMjAwMDAwMDAwMDAsImRlbGV0ZSI6MzAwMDAwMDAwMDAwfX0=",
          "dependencies": [
            "aws_internet_gateway.main",
            "aws_route_table.public",
            "aws_vpc.main"
          ]
        }
      ]
    },
    {
      "mode": "managed",
      "type": "aws_route_table",
      "name": "private",
      "provider": "provider[\"registry.terraform.io/hashicorp/aws\"]",
      "instances": [
        {
          "index_key": 0,
          "schema_version": 0,
          "attributes": {
            "arn": "arn:aws:ec2:us-east-2:151743893450:route-table/rtb-0b0aa9df1f4a3c4e7",
            "id": "rtb-0b0aa9df1f4a3c4e7",
            "owner_id": "151743893450",
            "propagating_vgws": [],
            "route": [
              {
                "carrier_gateway_id": "",
                "cidr_block": "0.0.0.0/0",
                "destination_prefix_list_id": "",
                "egress_only_gateway_id": "",
                "gateway_id": "",
                "instance_id": "",
                "ipv6_cidr_block": "",
                "local_gateway_id": "",
                "nat_gateway_id": "nat-0776cd4329e691b32",
                "network_interface_id": "",
                "transit_gateway_id": "",
                "vpc_endpoint_id": "",
                "vpc_peering_connection_id": ""
              }
            ],
            "tags": {},
            "tags_all": {},
            "vpc_id": "vpc-00e8d94b3515b8173"
          },
          "sensitive_attributes": [],
          "private": "bnVsbA==",
          "dependencies": [
            "aws_vpc.main"
          ]
        },
        {
          "index_key": 1,
          "schema_version": 0,
          "attributes": {
            "arn": "arn:aws:ec2:us-east-2:151743893450:route-table/rtb-0bdbd1656c9f95a26",
            "id": "rtb-0bdbd1656c9f95a26",
            "owner_id": "151743893450",
            "propagating_vgws": [],
            "route": [
              {
                "carrier_gateway_id": "",
                "cidr_block": "0.0.0.0/0",
                "destination_prefix_list_id": "",
                "egress_only_gateway_id": "",
                "gateway_id": "",
                "instance_id": "",
                "ipv6_cidr_block": "",
                "local_gateway_id": "",
                "nat_gateway_id": "nat-0b20dbefba03fa94c",
                "network_interface_id": "",
                "transit_gateway_id": "",
                "vpc_endpoint_id": "",
                "vpc_peering_connection_id": ""
              }
            ],
            "tags": {},
            "tags_all": {},
            "vpc_id": "vpc-00e8d94b3515b8173"
          },
          "sensitive_attributes": [],
          "private": "bnVsbA==",
          "dependencies": [
            "aws_vpc.main"
          ]
        },
        {
          "index_key": 2,
          "schema_version": 0,
          "attributes": {
            "arn": "arn:aws:ec2:us-east-2:151743893450:route-table/rtb-0cc322613f7919519",
            "id": "rtb-0cc322613f7919519",
            "owner_id": "151743893450",
            "propagating_vgws": [],
            "route": [
              {
                "carrier_gateway_id": "",
                "cidr_block": "0.0.0.0/0",
                "destination_prefix_list_id": "",
                "egress_only_gateway_id": "",
                "gateway_id": "",
                "instance_id": "",
                "ipv6_cidr_block": "",
                "local_gateway_id": "",
                "nat_gateway_id": "nat-0e05aeb65da5b0755",
                "network_interface_id": "",
                "transit_gateway_id": "",
                "vpc_endpoint_id": "",
                "vpc_peering_connection_id": ""
              }
            ],
            "tags": {},
            "tags_all": {},
            "vpc_id": "vpc-00e8d94b3515b8173"
          },
          "sensitive_attributes": [],
          "private": "bnVsbA==",
          "dependencies": [
            "aws_vpc.main"
          ]
        }
      ]
    },
    {
      "mode": "managed",
      "type": "aws_route_table",
      "name": "public",
      "provider": "provider[\"registry.terraform.io/hashicorp/aws\"]",
      "instances": [
        {
          "schema_version": 0,
          "attributes": {
            "arn": "arn:aws:ec2:us-east-2:151743893450:route-table/rtb-09136a26c7a4d868a",
            "id": "rtb-09136a26c7a4d868a",
            "owner_id": "151743893450",
            "propagating_vgws": [],
            "route": [
              {
                "carrier_gateway_id": "",
                "cidr_block": "0.0.0.0/0",
                "destination_prefix_list_id": "",
                "egress_only_gateway_id": "",
                "gateway_id": "igw-04cbb836f3b7d6646",
                "instance_id": "",
                "ipv6_cidr_block": "",
                "local_gateway_id": "",
                "nat_gateway_id": "",
                "network_interface_id": "",
                "transit_gateway_id": "",
                "vpc_endpoint_id": "",
                "vpc_peering_connection_id": ""
              }
            ],
            "tags": {
              "Name": "kongFargateDev",
              "environment": "dev",
              "ownerName": "usrbinkat"
            },
            "tags_all": {
              "Name": "kongFargateDev",
              "environment": "dev",
              "ownerName": "usrbinkat"
            },
            "vpc_id": "vpc-00e8d94b3515b8173"
          },
          "sensitive_attributes": [],
          "private": "bnVsbA==",
          "dependencies": [
            "aws_vpc.main"
          ]
        }
      ]
    },
    {
      "mode": "managed",
      "type": "aws_route_table_association",
      "name": "private",
      "provider": "provider[\"registry.terraform.io/hashicorp/aws\"]",
      "instances": [
        {
          "index_key": 0,
          "schema_version": 0,
          "attributes": {
            "gateway_id": null,
            "id": "rtbassoc-06878537f14100c24",
            "route_table_id": "rtb-0b0aa9df1f4a3c4e7",
            "subnet_id": "subnet-0d62c8b66c11e27a6"
          },
          "sensitive_attributes": [],
          "private": "bnVsbA==",
          "dependencies": [
            "aws_route_table.private",
            "aws_subnet.private",
            "aws_vpc.main"
          ]
        },
        {
          "index_key": 1,
          "schema_version": 0,
          "attributes": {
            "gateway_id": null,
            "id": "rtbassoc-0acded678636e29e9",
            "route_table_id": "rtb-0bdbd1656c9f95a26",
            "subnet_id": "subnet-0386d9fcd71d2b0f5"
          },
          "sensitive_attributes": [],
          "private": "bnVsbA==",
          "dependencies": [
            "aws_route_table.private",
            "aws_subnet.private",
            "aws_vpc.main"
          ]
        },
        {
          "index_key": 2,
          "schema_version": 0,
          "attributes": {
            "gateway_id": null,
            "id": "rtbassoc-00a3e0dfe959ffad3",
            "route_table_id": "rtb-0cc322613f7919519",
            "subnet_id": "subnet-0da9427649e6555a8"
          },
          "sensitive_attributes": [],
          "private": "bnVsbA==",
          "dependencies": [
            "aws_route_table.private",
            "aws_subnet.private",
            "aws_vpc.main"
          ]
        }
      ]
    },
    {
      "mode": "managed",
      "type": "aws_route_table_association",
      "name": "public",
      "provider": "provider[\"registry.terraform.io/hashicorp/aws\"]",
      "instances": [
        {
          "index_key": 0,
          "schema_version": 0,
          "attributes": {
            "gateway_id": null,
            "id": "rtbassoc-0addf8e48a06ffe73",
            "route_table_id": "rtb-09136a26c7a4d868a",
            "subnet_id": "subnet-0d87f3dd9a45d6d7d"
          },
          "sensitive_attributes": [],
          "private": "bnVsbA==",
          "dependencies": [
            "aws_vpc.main",
            "aws_route_table.public",
            "aws_subnet.public"
          ]
        },
        {
          "index_key": 1,
          "schema_version": 0,
          "attributes": {
            "gateway_id": null,
            "id": "rtbassoc-0a000398898fe306b",
            "route_table_id": "rtb-09136a26c7a4d868a",
            "subnet_id": "subnet-031d5e76cd6b5ebd9"
          },
          "sensitive_attributes": [],
          "private": "bnVsbA==",
          "dependencies": [
            "aws_route_table.public",
            "aws_subnet.public",
            "aws_vpc.main"
          ]
        },
        {
          "index_key": 2,
          "schema_version": 0,
          "attributes": {
            "gateway_id": null,
            "id": "rtbassoc-02daa8459bd90af51",
            "route_table_id": "rtb-09136a26c7a4d868a",
            "subnet_id": "subnet-069d57490c4381b68"
          },
          "sensitive_attributes": [],
          "private": "bnVsbA==",
          "dependencies": [
            "aws_vpc.main",
            "aws_route_table.public",
            "aws_subnet.public"
          ]
        }
      ]
    },
    {
      "mode": "managed",
      "type": "aws_security_group",
      "name": "elb",
      "provider": "provider[\"registry.terraform.io/hashicorp/aws\"]",
      "instances": [
        {
          "schema_version": 1,
          "attributes": {
            "arn": "arn:aws:ec2:us-east-2:151743893450:security-group/sg-02d9de6aae7e94944",
            "description": "Managed by Terraform",
            "egress": [
              {
                "cidr_blocks": [
                  "0.0.0.0/0"
                ],
                "description": "",
                "from_port": 0,
                "ipv6_cidr_blocks": [
                  "::/0"
                ],
                "prefix_list_ids": [],
                "protocol": "-1",
                "security_groups": [],
                "self": false,
                "to_port": 0
              }
            ],
            "id": "sg-02d9de6aae7e94944",
            "ingress": [
              {
                "cidr_blocks": [
                  "0.0.0.0/0"
                ],
                "description": "",
                "from_port": 443,
                "ipv6_cidr_blocks": [
                  "::/0"
                ],
                "prefix_list_ids": [],
                "protocol": "tcp",
                "security_groups": [],
                "self": false,
                "to_port": 443
              },
              {
                "cidr_blocks": [
                  "0.0.0.0/0"
                ],
                "description": "",
                "from_port": 80,
                "ipv6_cidr_blocks": [
                  "::/0"
                ],
                "prefix_list_ids": [],
                "protocol": "tcp",
                "security_groups": [],
                "self": false,
                "to_port": 80
              }
            ],
            "name": "kongFargateDev-sg-elb-dev",
            "name_prefix": "",
            "owner_id": "151743893450",
            "revoke_rules_on_delete": false,
            "tags": {
              "Name": "kongFargateDev",
              "environment": "dev",
              "ownerName": "usrbinkat"
            },
            "tags_all": {
              "Name": "kongFargateDev",
              "environment": "dev",
              "ownerName": "usrbinkat"
            },
            "timeouts": null,
            "vpc_id": "vpc-00e8d94b3515b8173"
          },
          "sensitive_attributes": [],
          "private": "eyJlMmJmYjczMC1lY2FhLTExZTYtOGY4OC0zNDM2M2JjN2M0YzAiOnsiY3JlYXRlIjo2MDAwMDAwMDAwMDAsImRlbGV0ZSI6OTAwMDAwMDAwMDAwfSwic2NoZW1hX3ZlcnNpb24iOiIxIn0=",
          "dependencies": [
            "aws_vpc.main"
          ]
        }
      ]
    },
    {
      "mode": "managed",
      "type": "aws_security_group",
      "name": "fargate_task_kong_proxy",
      "provider": "provider[\"registry.terraform.io/hashicorp/aws\"]",
      "instances": [
        {
          "schema_version": 1,
          "attributes": {
            "arn": "arn:aws:ec2:us-east-2:151743893450:security-group/sg-0dd3524681148936d",
            "description": "Managed by Terraform",
            "egress": [
              {
                "cidr_blocks": [
                  "0.0.0.0/0"
                ],
                "description": "",
                "from_port": 0,
                "ipv6_cidr_blocks": [
                  "::/0"
                ],
                "prefix_list_ids": [],
                "protocol": "-1",
                "security_groups": [],
                "self": false,
                "to_port": 0
              }
            ],
            "id": "sg-0dd3524681148936d",
            "ingress": [
              {
                "cidr_blocks": [
                  "0.0.0.0/0"
                ],
                "description": "",
                "from_port": 443,
                "ipv6_cidr_blocks": [
                  "::/0"
                ],
                "prefix_list_ids": [],
                "protocol": "tcp",
                "security_groups": [],
                "self": false,
                "to_port": 8443
              },
              {
                "cidr_blocks": [
                  "0.0.0.0/0"
                ],
                "description": "",
                "from_port": 80,
                "ipv6_cidr_blocks": [
                  "::/0"
                ],
                "prefix_list_ids": [],
                "protocol": "tcp",
                "security_groups": [],
                "self": false,
                "to_port": 8080
              }
            ],
            "name": "kongFargateDev-sg-fargate-kong-proxy-dev",
            "name_prefix": "",
            "owner_id": "151743893450",
            "revoke_rules_on_delete": false,
            "tags": {},
            "tags_all": {},
            "timeouts": null,
            "vpc_id": "vpc-00e8d94b3515b8173"
          },
          "sensitive_attributes": [],
          "private": "eyJlMmJmYjczMC1lY2FhLTExZTYtOGY4OC0zNDM2M2JjN2M0YzAiOnsiY3JlYXRlIjo2MDAwMDAwMDAwMDAsImRlbGV0ZSI6OTAwMDAwMDAwMDAwfSwic2NoZW1hX3ZlcnNpb24iOiIxIn0=",
          "dependencies": [
            "aws_vpc.main"
          ]
        }
      ]
    },
    {
      "mode": "managed",
      "type": "aws_subnet",
      "name": "private",
      "provider": "provider[\"registry.terraform.io/hashicorp/aws\"]",
      "instances": [
        {
          "index_key": 0,
          "schema_version": 1,
          "attributes": {
            "arn": "arn:aws:ec2:us-east-2:151743893450:subnet/subnet-0d62c8b66c11e27a6",
            "assign_ipv6_address_on_creation": false,
            "availability_zone": "us-east-2a",
            "availability_zone_id": "use2-az1",
            "cidr_block": "192.19.11.0/24",
            "customer_owned_ipv4_pool": "",
            "id": "subnet-0d62c8b66c11e27a6",
            "ipv6_cidr_block": "",
            "ipv6_cidr_block_association_id": "",
            "map_customer_owned_ip_on_launch": false,
            "map_public_ip_on_launch": false,
            "outpost_arn": "",
            "owner_id": "151743893450",
            "tags": {
              "Name": "kongFargateDev",
              "environment": "dev",
              "ownerName": "usrbinkat"
            },
            "tags_all": {
              "Name": "kongFargateDev",
              "environment": "dev",
              "ownerName": "usrbinkat"
            },
            "timeouts": null,
            "vpc_id": "vpc-00e8d94b3515b8173"
          },
          "sensitive_attributes": [],
          "private": "eyJlMmJmYjczMC1lY2FhLTExZTYtOGY4OC0zNDM2M2JjN2M0YzAiOnsiY3JlYXRlIjo2MDAwMDAwMDAwMDAsImRlbGV0ZSI6MTIwMDAwMDAwMDAwMH0sInNjaGVtYV92ZXJzaW9uIjoiMSJ9",
          "dependencies": [
            "aws_vpc.main"
          ]
        },
        {
          "index_key": 1,
          "schema_version": 1,
          "attributes": {
            "arn": "arn:aws:ec2:us-east-2:151743893450:subnet/subnet-0386d9fcd71d2b0f5",
            "assign_ipv6_address_on_creation": false,
            "availability_zone": "us-east-2b",
            "availability_zone_id": "use2-az2",
            "cidr_block": "192.19.12.0/24",
            "customer_owned_ipv4_pool": "",
            "id": "subnet-0386d9fcd71d2b0f5",
            "ipv6_cidr_block": "",
            "ipv6_cidr_block_association_id": "",
            "map_customer_owned_ip_on_launch": false,
            "map_public_ip_on_launch": false,
            "outpost_arn": "",
            "owner_id": "151743893450",
            "tags": {
              "Name": "kongFargateDev",
              "environment": "dev",
              "ownerName": "usrbinkat"
            },
            "tags_all": {
              "Name": "kongFargateDev",
              "environment": "dev",
              "ownerName": "usrbinkat"
            },
            "timeouts": null,
            "vpc_id": "vpc-00e8d94b3515b8173"
          },
          "sensitive_attributes": [],
          "private": "eyJlMmJmYjczMC1lY2FhLTExZTYtOGY4OC0zNDM2M2JjN2M0YzAiOnsiY3JlYXRlIjo2MDAwMDAwMDAwMDAsImRlbGV0ZSI6MTIwMDAwMDAwMDAwMH0sInNjaGVtYV92ZXJzaW9uIjoiMSJ9",
          "dependencies": [
            "aws_vpc.main"
          ]
        },
        {
          "index_key": 2,
          "schema_version": 1,
          "attributes": {
            "arn": "arn:aws:ec2:us-east-2:151743893450:subnet/subnet-0da9427649e6555a8",
            "assign_ipv6_address_on_creation": false,
            "availability_zone": "us-east-2c",
            "availability_zone_id": "use2-az3",
            "cidr_block": "192.19.13.0/24",
            "customer_owned_ipv4_pool": "",
            "id": "subnet-0da9427649e6555a8",
            "ipv6_cidr_block": "",
            "ipv6_cidr_block_association_id": "",
            "map_customer_owned_ip_on_launch": false,
            "map_public_ip_on_launch": false,
            "outpost_arn": "",
            "owner_id": "151743893450",
            "tags": {
              "Name": "kongFargateDev",
              "environment": "dev",
              "ownerName": "usrbinkat"
            },
            "tags_all": {
              "Name": "kongFargateDev",
              "environment": "dev",
              "ownerName": "usrbinkat"
            },
            "timeouts": null,
            "vpc_id": "vpc-00e8d94b3515b8173"
          },
          "sensitive_attributes": [],
          "private": "eyJlMmJmYjczMC1lY2FhLTExZTYtOGY4OC0zNDM2M2JjN2M0YzAiOnsiY3JlYXRlIjo2MDAwMDAwMDAwMDAsImRlbGV0ZSI6MTIwMDAwMDAwMDAwMH0sInNjaGVtYV92ZXJzaW9uIjoiMSJ9",
          "dependencies": [
            "aws_vpc.main"
          ]
        }
      ]
    },
    {
      "mode": "managed",
      "type": "aws_subnet",
      "name": "public",
      "provider": "provider[\"registry.terraform.io/hashicorp/aws\"]",
      "instances": [
        {
          "index_key": 0,
          "schema_version": 1,
          "attributes": {
            "arn": "arn:aws:ec2:us-east-2:151743893450:subnet/subnet-0d87f3dd9a45d6d7d",
            "assign_ipv6_address_on_creation": false,
            "availability_zone": "us-east-2a",
            "availability_zone_id": "use2-az1",
            "cidr_block": "192.19.1.0/24",
            "customer_owned_ipv4_pool": "",
            "id": "subnet-0d87f3dd9a45d6d7d",
            "ipv6_cidr_block": "",
            "ipv6_cidr_block_association_id": "",
            "map_customer_owned_ip_on_launch": false,
            "map_public_ip_on_launch": true,
            "outpost_arn": "",
            "owner_id": "151743893450",
            "tags": {
              "Name": "kongFargateDev",
              "environment": "dev",
              "ownerName": "usrbinkat"
            },
            "tags_all": {
              "Name": "kongFargateDev",
              "environment": "dev",
              "ownerName": "usrbinkat"
            },
            "timeouts": null,
            "vpc_id": "vpc-00e8d94b3515b8173"
          },
          "sensitive_attributes": [],
          "private": "eyJlMmJmYjczMC1lY2FhLTExZTYtOGY4OC0zNDM2M2JjN2M0YzAiOnsiY3JlYXRlIjo2MDAwMDAwMDAwMDAsImRlbGV0ZSI6MTIwMDAwMDAwMDAwMH0sInNjaGVtYV92ZXJzaW9uIjoiMSJ9",
          "dependencies": [
            "aws_vpc.main"
          ]
        },
        {
          "index_key": 1,
          "schema_version": 1,
          "attributes": {
            "arn": "arn:aws:ec2:us-east-2:151743893450:subnet/subnet-031d5e76cd6b5ebd9",
            "assign_ipv6_address_on_creation": false,
            "availability_zone": "us-east-2b",
            "availability_zone_id": "use2-az2",
            "cidr_block": "192.19.2.0/24",
            "customer_owned_ipv4_pool": "",
            "id": "subnet-031d5e76cd6b5ebd9",
            "ipv6_cidr_block": "",
            "ipv6_cidr_block_association_id": "",
            "map_customer_owned_ip_on_launch": false,
            "map_public_ip_on_launch": true,
            "outpost_arn": "",
            "owner_id": "151743893450",
            "tags": {
              "Name": "kongFargateDev",
              "environment": "dev",
              "ownerName": "usrbinkat"
            },
            "tags_all": {
              "Name": "kongFargateDev",
              "environment": "dev",
              "ownerName": "usrbinkat"
            },
            "timeouts": null,
            "vpc_id": "vpc-00e8d94b3515b8173"
          },
          "sensitive_attributes": [],
          "private": "eyJlMmJmYjczMC1lY2FhLTExZTYtOGY4OC0zNDM2M2JjN2M0YzAiOnsiY3JlYXRlIjo2MDAwMDAwMDAwMDAsImRlbGV0ZSI6MTIwMDAwMDAwMDAwMH0sInNjaGVtYV92ZXJzaW9uIjoiMSJ9",
          "dependencies": [
            "aws_vpc.main"
          ]
        },
        {
          "index_key": 2,
          "schema_version": 1,
          "attributes": {
            "arn": "arn:aws:ec2:us-east-2:151743893450:subnet/subnet-069d57490c4381b68",
            "assign_ipv6_address_on_creation": false,
            "availability_zone": "us-east-2c",
            "availability_zone_id": "use2-az3",
            "cidr_block": "192.19.3.0/24",
            "customer_owned_ipv4_pool": "",
            "id": "subnet-069d57490c4381b68",
            "ipv6_cidr_block": "",
            "ipv6_cidr_block_association_id": "",
            "map_customer_owned_ip_on_launch": false,
            "map_public_ip_on_launch": true,
            "outpost_arn": "",
            "owner_id": "151743893450",
            "tags": {
              "Name": "kongFargateDev",
              "environment": "dev",
              "ownerName": "usrbinkat"
            },
            "tags_all": {
              "Name": "kongFargateDev",
              "environment": "dev",
              "ownerName": "usrbinkat"
            },
            "timeouts": null,
            "vpc_id": "vpc-00e8d94b3515b8173"
          },
          "sensitive_attributes": [],
          "private": "eyJlMmJmYjczMC1lY2FhLTExZTYtOGY4OC0zNDM2M2JjN2M0YzAiOnsiY3JlYXRlIjo2MDAwMDAwMDAwMDAsImRlbGV0ZSI6MTIwMDAwMDAwMDAwMH0sInNjaGVtYV92ZXJzaW9uIjoiMSJ9",
          "dependencies": [
            "aws_vpc.main"
          ]
        }
      ]
    },
    {
      "mode": "managed",
      "type": "aws_vpc",
      "name": "main",
      "provider": "provider[\"registry.terraform.io/hashicorp/aws\"]",
      "instances": [
        {
          "schema_version": 1,
          "attributes": {
            "arn": "arn:aws:ec2:us-east-2:151743893450:vpc/vpc-00e8d94b3515b8173",
            "assign_generated_ipv6_cidr_block": false,
            "cidr_block": "192.19.0.0/16",
            "default_network_acl_id": "acl-0d1b8f85ab0205b10",
            "default_route_table_id": "rtb-0055341c78674b3e8",
            "default_security_group_id": "sg-0174b67beacc03bbf",
            "dhcp_options_id": "dopt-2ac83543",
            "enable_classiclink": null,
            "enable_classiclink_dns_support": null,
            "enable_dns_hostnames": false,
            "enable_dns_support": true,
            "id": "vpc-00e8d94b3515b8173",
            "instance_tenancy": "default",
            "ipv6_association_id": "",
            "ipv6_cidr_block": "",
            "main_route_table_id": "rtb-0055341c78674b3e8",
            "owner_id": "151743893450",
            "tags": {
              "Name": "kongFargateDev",
              "environment": "dev",
              "ownerName": "usrbinkat"
            },
            "tags_all": {
              "Name": "kongFargateDev",
              "environment": "dev",
              "ownerName": "usrbinkat"
            }
          },
          "sensitive_attributes": [],
          "private": "eyJzY2hlbWFfdmVyc2lvbiI6IjEifQ=="
        }
      ]
    }
  ]
}
